// !$*UTF8*$!
{
	archiveVersion = 1;
	classes = {
	};
	objectVersion = 56;
	objects = {

/* Begin PBXBuildFile section */
		C65FD07B2C40C635004675A2 /* SDWebImage in Frameworks */ = {isa = PBXBuildFile; productRef = C65FD07A2C40C635004675A2 /* SDWebImage */; };
		C65FD07F2C410527004675A2 /* Arcticle.swift in Sources */ = {isa = PBXBuildFile; fileRef = C65FD07E2C410527004675A2 /* Arcticle.swift */; };
		C65FD0832C41077E004675A2 /* DetailViewController.swift in Sources */ = {isa = PBXBuildFile; fileRef = C65FD0822C41077E004675A2 /* DetailViewController.swift */; };
		C66E33F52C3FC1C9005574E5 /* APINews.swift in Sources */ = {isa = PBXBuildFile; fileRef = C66E33F42C3FC1C9005574E5 /* APINews.swift */; };
		C66E33F72C3FCCFA005574E5 /* NewsResponseModel.swift in Sources */ = {isa = PBXBuildFile; fileRef = C66E33F62C3FCCFA005574E5 /* NewsResponseModel.swift */; };
		C66E33F92C4018AF005574E5 /* SortNews.swift in Sources */ = {isa = PBXBuildFile; fileRef = C66E33F82C4018AF005574E5 /* SortNews.swift */; };
		C66E34012C404AF6005574E5 /* ListCell.swift in Sources */ = {isa = PBXBuildFile; fileRef = C66E34002C404AF6005574E5 /* ListCell.swift */; };
		C66E34032C405549005574E5 /* NewsViewModel.swift in Sources */ = {isa = PBXBuildFile; fileRef = C66E34022C405549005574E5 /* NewsViewModel.swift */; };
		C6F61FE52C396CE200F06595 /* AppDelegate.swift in Sources */ = {isa = PBXBuildFile; fileRef = C6F61FE42C396CE200F06595 /* AppDelegate.swift */; };
		C6F61FE72C396CE200F06595 /* SceneDelegate.swift in Sources */ = {isa = PBXBuildFile; fileRef = C6F61FE62C396CE200F06595 /* SceneDelegate.swift */; };
		C6F61FE92C396CE200F06595 /* MainViewController.swift in Sources */ = {isa = PBXBuildFile; fileRef = C6F61FE82C396CE200F06595 /* MainViewController.swift */; };
		C6F61FEC2C396CE200F06595 /* Base in Resources */ = {isa = PBXBuildFile; fileRef = C6F61FEB2C396CE200F06595 /* Base */; };
		C6F61FEE2C396CE300F06595 /* Assets.xcassets in Resources */ = {isa = PBXBuildFile; fileRef = C6F61FED2C396CE300F06595 /* Assets.xcassets */; };
		C6F61FF12C396CE300F06595 /* Base in Resources */ = {isa = PBXBuildFile; fileRef = C6F61FF02C396CE300F06595 /* Base */; };
		C6F61FFC2C396CE400F06595 /* SCGCodingTestTests.swift in Sources */ = {isa = PBXBuildFile; fileRef = C6F61FFB2C396CE400F06595 /* SCGCodingTestTests.swift */; };
		C6F620062C396CE400F06595 /* SCGCodingTestUITests.swift in Sources */ = {isa = PBXBuildFile; fileRef = C6F620052C396CE400F06595 /* SCGCodingTestUITests.swift */; };
		C6F620082C396CE400F06595 /* SCGCodingTestUITestsLaunchTests.swift in Sources */ = {isa = PBXBuildFile; fileRef = C6F620072C396CE400F06595 /* SCGCodingTestUITestsLaunchTests.swift */; };
		C6F620172C39881000F06595 /* APIRouter.swift in Sources */ = {isa = PBXBuildFile; fileRef = C6F620162C39881000F06595 /* APIRouter.swift */; };
		C6F6201A2C39883F00F06595 /* Alamofire in Frameworks */ = {isa = PBXBuildFile; productRef = C6F620192C39883F00F06595 /* Alamofire */; };
/* End PBXBuildFile section */

/* Begin PBXContainerItemProxy section */
		C6F61FF82C396CE400F06595 /* PBXContainerItemProxy */ = {
			isa = PBXContainerItemProxy;
			containerPortal = C6F61FD92C396CE200F06595 /* Project object */;
			proxyType = 1;
			remoteGlobalIDString = C6F61FE02C396CE200F06595;
			remoteInfo = SCGCodingTest;
		};
		C6F620022C396CE400F06595 /* PBXContainerItemProxy */ = {
			isa = PBXContainerItemProxy;
			containerPortal = C6F61FD92C396CE200F06595 /* Project object */;
			proxyType = 1;
			remoteGlobalIDString = C6F61FE02C396CE200F06595;
			remoteInfo = SCGCodingTest;
		};
/* End PBXContainerItemProxy section */

/* Begin PBXFileReference section */
		C65FD07E2C410527004675A2 /* Arcticle.swift */ = {isa = PBXFileReference; lastKnownFileType = sourcecode.swift; path = Arcticle.swift; sourceTree = "<group>"; };
		C65FD0822C41077E004675A2 /* DetailViewController.swift */ = {isa = PBXFileReference; lastKnownFileType = sourcecode.swift; path = DetailViewController.swift; sourceTree = "<group>"; };
		C66E33F42C3FC1C9005574E5 /* APINews.swift */ = {isa = PBXFileReference; lastKnownFileType = sourcecode.swift; path = APINews.swift; sourceTree = "<group>"; };
		C66E33F62C3FCCFA005574E5 /* NewsResponseModel.swift */ = {isa = PBXFileReference; lastKnownFileType = sourcecode.swift; path = NewsResponseModel.swift; sourceTree = "<group>"; };
		C66E33F82C4018AF005574E5 /* SortNews.swift */ = {isa = PBXFileReference; lastKnownFileType = sourcecode.swift; path = SortNews.swift; sourceTree = "<group>"; };
		C66E34002C404AF6005574E5 /* ListCell.swift */ = {isa = PBXFileReference; lastKnownFileType = sourcecode.swift; path = ListCell.swift; sourceTree = "<group>"; };
		C66E34022C405549005574E5 /* NewsViewModel.swift */ = {isa = PBXFileReference; lastKnownFileType = sourcecode.swift; path = NewsViewModel.swift; sourceTree = "<group>"; };
		C6F61FE12C396CE200F06595 /* SCGCodingTest.app */ = {isa = PBXFileReference; explicitFileType = wrapper.application; includeInIndex = 0; path = SCGCodingTest.app; sourceTree = BUILT_PRODUCTS_DIR; };
		C6F61FE42C396CE200F06595 /* AppDelegate.swift */ = {isa = PBXFileReference; lastKnownFileType = sourcecode.swift; path = AppDelegate.swift; sourceTree = "<group>"; };
		C6F61FE62C396CE200F06595 /* SceneDelegate.swift */ = {isa = PBXFileReference; lastKnownFileType = sourcecode.swift; path = SceneDelegate.swift; sourceTree = "<group>"; };
		C6F61FE82C396CE200F06595 /* MainViewController.swift */ = {isa = PBXFileReference; lastKnownFileType = sourcecode.swift; path = MainViewController.swift; sourceTree = "<group>"; };
		C6F61FEB2C396CE200F06595 /* Base */ = {isa = PBXFileReference; lastKnownFileType = file.storyboard; name = Base; path = Base.lproj/Main.storyboard; sourceTree = "<group>"; };
		C6F61FED2C396CE300F06595 /* Assets.xcassets */ = {isa = PBXFileReference; lastKnownFileType = folder.assetcatalog; path = Assets.xcassets; sourceTree = "<group>"; };
		C6F61FF02C396CE300F06595 /* Base */ = {isa = PBXFileReference; lastKnownFileType = file.storyboard; name = Base; path = Base.lproj/LaunchScreen.storyboard; sourceTree = "<group>"; };
		C6F61FF22C396CE300F06595 /* Info.plist */ = {isa = PBXFileReference; lastKnownFileType = text.plist.xml; path = Info.plist; sourceTree = "<group>"; };
		C6F61FF72C396CE400F06595 /* SCGCodingTestTests.xctest */ = {isa = PBXFileReference; explicitFileType = wrapper.cfbundle; includeInIndex = 0; path = SCGCodingTestTests.xctest; sourceTree = BUILT_PRODUCTS_DIR; };
		C6F61FFB2C396CE400F06595 /* SCGCodingTestTests.swift */ = {isa = PBXFileReference; lastKnownFileType = sourcecode.swift; path = SCGCodingTestTests.swift; sourceTree = "<group>"; };
		C6F620012C396CE400F06595 /* SCGCodingTestUITests.xctest */ = {isa = PBXFileReference; explicitFileType = wrapper.cfbundle; includeInIndex = 0; path = SCGCodingTestUITests.xctest; sourceTree = BUILT_PRODUCTS_DIR; };
		C6F620052C396CE400F06595 /* SCGCodingTestUITests.swift */ = {isa = PBXFileReference; lastKnownFileType = sourcecode.swift; path = SCGCodingTestUITests.swift; sourceTree = "<group>"; };
		C6F620072C396CE400F06595 /* SCGCodingTestUITestsLaunchTests.swift */ = {isa = PBXFileReference; lastKnownFileType = sourcecode.swift; path = SCGCodingTestUITestsLaunchTests.swift; sourceTree = "<group>"; };
		C6F620162C39881000F06595 /* APIRouter.swift */ = {isa = PBXFileReference; lastKnownFileType = sourcecode.swift; path = APIRouter.swift; sourceTree = "<group>"; };
/* End PBXFileReference section */

/* Begin PBXFrameworksBuildPhase section */
		C6F61FDE2C396CE200F06595 /* Frameworks */ = {
			isa = PBXFrameworksBuildPhase;
			buildActionMask = 2147483647;
			files = (
				C65FD07B2C40C635004675A2 /* SDWebImage in Frameworks */,
				C6F6201A2C39883F00F06595 /* Alamofire in Frameworks */,
			);
			runOnlyForDeploymentPostprocessing = 0;
		};
		C6F61FF42C396CE400F06595 /* Frameworks */ = {
			isa = PBXFrameworksBuildPhase;
			buildActionMask = 2147483647;
			files = (
			);
			runOnlyForDeploymentPostprocessing = 0;
		};
		C6F61FFE2C396CE400F06595 /* Frameworks */ = {
			isa = PBXFrameworksBuildPhase;
			buildActionMask = 2147483647;
			files = (
			);
			runOnlyForDeploymentPostprocessing = 0;
		};
/* End PBXFrameworksBuildPhase section */

/* Begin PBXGroup section */
		C65FD07C2C40D289004675A2 /* ViewModel */ = {
			isa = PBXGroup;
			children = (
				C66E34022C405549005574E5 /* NewsViewModel.swift */,
			);
			path = ViewModel;
			sourceTree = "<group>";
		};
		C65FD07D2C4104FE004675A2 /* Model */ = {
			isa = PBXGroup;
			children = (
				C65FD07E2C410527004675A2 /* Arcticle.swift */,
			);
			path = Model;
			sourceTree = "<group>";
		};
		C66E33FA2C404656005574E5 /* View */ = {
			isa = PBXGroup;
			children = (
				C66E33FF2C404A8E005574E5 /* Cell */,
				C6F61FE82C396CE200F06595 /* MainViewController.swift */,
				C65FD0822C41077E004675A2 /* DetailViewController.swift */,
			);
			path = View;
			sourceTree = "<group>";
		};
		C66E33FF2C404A8E005574E5 /* Cell */ = {
			isa = PBXGroup;
			children = (
				C66E34002C404AF6005574E5 /* ListCell.swift */,
			);
			path = Cell;
			sourceTree = "<group>";
		};
		C6F61FD82C396CE200F06595 = {
			isa = PBXGroup;
			children = (
				C6F61FE32C396CE200F06595 /* SCGCodingTest */,
				C6F61FFA2C396CE400F06595 /* SCGCodingTestTests */,
				C6F620042C396CE400F06595 /* SCGCodingTestUITests */,
				C6F61FE22C396CE200F06595 /* Products */,
				C6F620182C39883F00F06595 /* Frameworks */,
			);
			sourceTree = "<group>";
		};
		C6F61FE22C396CE200F06595 /* Products */ = {
			isa = PBXGroup;
			children = (
				C6F61FE12C396CE200F06595 /* SCGCodingTest.app */,
				C6F61FF72C396CE400F06595 /* SCGCodingTestTests.xctest */,
				C6F620012C396CE400F06595 /* SCGCodingTestUITests.xctest */,
			);
			name = Products;
			sourceTree = "<group>";
		};
		C6F61FE32C396CE200F06595 /* SCGCodingTest */ = {
			isa = PBXGroup;
			children = (
				C65FD07D2C4104FE004675A2 /* Model */,
				C65FD07C2C40D289004675A2 /* ViewModel */,
				C66E33FA2C404656005574E5 /* View */,
				C6F620142C396D5200F06595 /* Service */,
				C6F61FE42C396CE200F06595 /* AppDelegate.swift */,
				C6F61FE62C396CE200F06595 /* SceneDelegate.swift */,
				C6F61FEA2C396CE200F06595 /* Main.storyboard */,
				C6F61FED2C396CE300F06595 /* Assets.xcassets */,
				C6F61FEF2C396CE300F06595 /* LaunchScreen.storyboard */,
				C6F61FF22C396CE300F06595 /* Info.plist */,
			);
			path = SCGCodingTest;
			sourceTree = "<group>";
		};
		C6F61FFA2C396CE400F06595 /* SCGCodingTestTests */ = {
			isa = PBXGroup;
			children = (
				C6F61FFB2C396CE400F06595 /* SCGCodingTestTests.swift */,
			);
			path = SCGCodingTestTests;
			sourceTree = "<group>";
		};
		C6F620042C396CE400F06595 /* SCGCodingTestUITests */ = {
			isa = PBXGroup;
			children = (
				C6F620052C396CE400F06595 /* SCGCodingTestUITests.swift */,
				C6F620072C396CE400F06595 /* SCGCodingTestUITestsLaunchTests.swift */,
			);
			path = SCGCodingTestUITests;
			sourceTree = "<group>";
		};
		C6F620142C396D5200F06595 /* Service */ = {
			isa = PBXGroup;
			children = (
				C6F620162C39881000F06595 /* APIRouter.swift */,
				C66E33F42C3FC1C9005574E5 /* APINews.swift */,
				C66E33F62C3FCCFA005574E5 /* NewsResponseModel.swift */,
				C66E33F82C4018AF005574E5 /* SortNews.swift */,
			);
			path = Service;
			sourceTree = "<group>";
		};
		C6F620182C39883F00F06595 /* Frameworks */ = {
			isa = PBXGroup;
			children = (
			);
			name = Frameworks;
			sourceTree = "<group>";
		};
/* End PBXGroup section */

/* Begin PBXNativeTarget section */
		C6F61FE02C396CE200F06595 /* SCGCodingTest */ = {
			isa = PBXNativeTarget;
			buildConfigurationList = C6F6200B2C396CE400F06595 /* Build configuration list for PBXNativeTarget "SCGCodingTest" */;
			buildPhases = (
				C6F61FDD2C396CE200F06595 /* Sources */,
				C6F61FDE2C396CE200F06595 /* Frameworks */,
				C6F61FDF2C396CE200F06595 /* Resources */,
			);
			buildRules = (
			);
			dependencies = (
			);
			name = SCGCodingTest;
			packageProductDependencies = (
				C6F620192C39883F00F06595 /* Alamofire */,
				C65FD07A2C40C635004675A2 /* SDWebImage */,
			);
			productName = SCGCodingTest;
			productReference = C6F61FE12C396CE200F06595 /* SCGCodingTest.app */;
			productType = "com.apple.product-type.application";
		};
		C6F61FF62C396CE400F06595 /* SCGCodingTestTests */ = {
			isa = PBXNativeTarget;
			buildConfigurationList = C6F6200E2C396CE400F06595 /* Build configuration list for PBXNativeTarget "SCGCodingTestTests" */;
			buildPhases = (
				C6F61FF32C396CE400F06595 /* Sources */,
				C6F61FF42C396CE400F06595 /* Frameworks */,
				C6F61FF52C396CE400F06595 /* Resources */,
			);
			buildRules = (
			);
			dependencies = (
				C6F61FF92C396CE400F06595 /* PBXTargetDependency */,
			);
			name = SCGCodingTestTests;
			productName = SCGCodingTestTests;
			productReference = C6F61FF72C396CE400F06595 /* SCGCodingTestTests.xctest */;
			productType = "com.apple.product-type.bundle.unit-test";
		};
		C6F620002C396CE400F06595 /* SCGCodingTestUITests */ = {
			isa = PBXNativeTarget;
			buildConfigurationList = C6F620112C396CE400F06595 /* Build configuration list for PBXNativeTarget "SCGCodingTestUITests" */;
			buildPhases = (
				C6F61FFD2C396CE400F06595 /* Sources */,
				C6F61FFE2C396CE400F06595 /* Frameworks */,
				C6F61FFF2C396CE400F06595 /* Resources */,
			);
			buildRules = (
			);
			dependencies = (
				C6F620032C396CE400F06595 /* PBXTargetDependency */,
			);
			name = SCGCodingTestUITests;
			productName = SCGCodingTestUITests;
			productReference = C6F620012C396CE400F06595 /* SCGCodingTestUITests.xctest */;
			productType = "com.apple.product-type.bundle.ui-testing";
		};
/* End PBXNativeTarget section */

/* Begin PBXProject section */
		C6F61FD92C396CE200F06595 /* Project object */ = {
			isa = PBXProject;
			attributes = {
				BuildIndependentTargetsInParallel = 1;
				LastSwiftUpdateCheck = 1540;
				LastUpgradeCheck = 1540;
				TargetAttributes = {
					C6F61FE02C396CE200F06595 = {
						CreatedOnToolsVersion = 15.4;
					};
					C6F61FF62C396CE400F06595 = {
						CreatedOnToolsVersion = 15.4;
						TestTargetID = C6F61FE02C396CE200F06595;
					};
					C6F620002C396CE400F06595 = {
						CreatedOnToolsVersion = 15.4;
						TestTargetID = C6F61FE02C396CE200F06595;
					};
				};
			};
			buildConfigurationList = C6F61FDC2C396CE200F06595 /* Build configuration list for PBXProject "SCGCodingTest" */;
			compatibilityVersion = "Xcode 14.0";
			developmentRegion = en;
			hasScannedForEncodings = 0;
			knownRegions = (
				en,
				Base,
			);
			mainGroup = C6F61FD82C396CE200F06595;
			packageReferences = (
				C6F620152C396FA100F06595 /* XCRemoteSwiftPackageReference "Alamofire" */,
				C65FD0792C40C5C6004675A2 /* XCRemoteSwiftPackageReference "SDWebImage" */,
			);
			productRefGroup = C6F61FE22C396CE200F06595 /* Products */;
			projectDirPath = "";
			projectRoot = "";
			targets = (
				C6F61FE02C396CE200F06595 /* SCGCodingTest */,
				C6F61FF62C396CE400F06595 /* SCGCodingTestTests */,
				C6F620002C396CE400F06595 /* SCGCodingTestUITests */,
			);
		};
/* End PBXProject section */

/* Begin PBXResourcesBuildPhase section */
		C6F61FDF2C396CE200F06595 /* Resources */ = {
			isa = PBXResourcesBuildPhase;
			buildActionMask = 2147483647;
			files = (
				C6F61FEE2C396CE300F06595 /* Assets.xcassets in Resources */,
				C6F61FF12C396CE300F06595 /* Base in Resources */,
				C6F61FEC2C396CE200F06595 /* Base in Resources */,
			);
			runOnlyForDeploymentPostprocessing = 0;
		};
		C6F61FF52C396CE400F06595 /* Resources */ = {
			isa = PBXResourcesBuildPhase;
			buildActionMask = 2147483647;
			files = (
			);
			runOnlyForDeploymentPostprocessing = 0;
		};
		C6F61FFF2C396CE400F06595 /* Resources */ = {
			isa = PBXResourcesBuildPhase;
			buildActionMask = 2147483647;
			files = (
			);
			runOnlyForDeploymentPostprocessing = 0;
		};
/* End PBXResourcesBuildPhase section */

/* Begin PBXSourcesBuildPhase section */
		C6F61FDD2C396CE200F06595 /* Sources */ = {
			isa = PBXSourcesBuildPhase;
			buildActionMask = 2147483647;
			files = (
				C65FD0832C41077E004675A2 /* DetailViewController.swift in Sources */,
				C6F61FE92C396CE200F06595 /* MainViewController.swift in Sources */,
				C66E33F92C4018AF005574E5 /* SortNews.swift in Sources */,
				C66E33F72C3FCCFA005574E5 /* NewsResponseModel.swift in Sources */,
				C6F620172C39881000F06595 /* APIRouter.swift in Sources */,
				C66E33F52C3FC1C9005574E5 /* APINews.swift in Sources */,
				C66E34032C405549005574E5 /* NewsViewModel.swift in Sources */,
				C65FD07F2C410527004675A2 /* Arcticle.swift in Sources */,
				C66E34012C404AF6005574E5 /* ListCell.swift in Sources */,
				C6F61FE52C396CE200F06595 /* AppDelegate.swift in Sources */,
				C6F61FE72C396CE200F06595 /* SceneDelegate.swift in Sources */,
			);
			runOnlyForDeploymentPostprocessing = 0;
		};
		C6F61FF32C396CE400F06595 /* Sources */ = {
			isa = PBXSourcesBuildPhase;
			buildActionMask = 2147483647;
			files = (
				C6F61FFC2C396CE400F06595 /* SCGCodingTestTests.swift in Sources */,
			);
			runOnlyForDeploymentPostprocessing = 0;
		};
		C6F61FFD2C396CE400F06595 /* Sources */ = {
			isa = PBXSourcesBuildPhase;
			buildActionMask = 2147483647;
			files = (
				C6F620082C396CE400F06595 /* SCGCodingTestUITestsLaunchTests.swift in Sources */,
				C6F620062C396CE400F06595 /* SCGCodingTestUITests.swift in Sources */,
			);
			runOnlyForDeploymentPostprocessing = 0;
		};
/* End PBXSourcesBuildPhase section */

/* Begin PBXTargetDependency section */
		C6F61FF92C396CE400F06595 /* PBXTargetDependency */ = {
			isa = PBXTargetDependency;
			target = C6F61FE02C396CE200F06595 /* SCGCodingTest */;
			targetProxy = C6F61FF82C396CE400F06595 /* PBXContainerItemProxy */;
		};
		C6F620032C396CE400F06595 /* PBXTargetDependency */ = {
			isa = PBXTargetDependency;
			target = C6F61FE02C396CE200F06595 /* SCGCodingTest */;
			targetProxy = C6F620022C396CE400F06595 /* PBXContainerItemProxy */;
		};
/* End PBXTargetDependency section */

/* Begin PBXVariantGroup section */
		C6F61FEA2C396CE200F06595 /* Main.storyboard */ = {
			isa = PBXVariantGroup;
			children = (
				C6F61FEB2C396CE200F06595 /* Base */,
			);
			name = Main.storyboard;
			sourceTree = "<group>";
		};
		C6F61FEF2C396CE300F06595 /* LaunchScreen.storyboard */ = {
			isa = PBXVariantGroup;
			children = (
				C6F61FF02C396CE300F06595 /* Base */,
			);
			name = LaunchScreen.storyboard;
			sourceTree = "<group>";
		};
/* End PBXVariantGroup section */

/* Begin XCBuildConfiguration section */
		C6F620092C396CE400F06595 /* Debug */ = {
			isa = XCBuildConfiguration;
			buildSettings = {
				ALWAYS_SEARCH_USER_PATHS = NO;
				ASSETCATALOG_COMPILER_GENERATE_SWIFT_ASSET_SYMBOL_EXTENSIONS = YES;
				CLANG_ANALYZER_NONNULL = YES;
				CLANG_ANALYZER_NUMBER_OBJECT_CONVERSION = YES_AGGRESSIVE;
				CLANG_CXX_LANGUAGE_STANDARD = "gnu++20";
				CLANG_ENABLE_MODULES = YES;
				CLANG_ENABLE_OBJC_ARC = YES;
				CLANG_ENABLE_OBJC_WEAK = YES;
				CLANG_WARN_BLOCK_CAPTURE_AUTORELEASING = YES;
				CLANG_WARN_BOOL_CONVERSION = YES;
				CLANG_WARN_COMMA = YES;
				CLANG_WARN_CONSTANT_CONVERSION = YES;
				CLANG_WARN_DEPRECATED_OBJC_IMPLEMENTATIONS = YES;
				CLANG_WARN_DIRECT_OBJC_ISA_USAGE = YES_ERROR;
				CLANG_WARN_DOCUMENTATION_COMMENTS = YES;
				CLANG_WARN_EMPTY_BODY = YES;
				CLANG_WARN_ENUM_CONVERSION = YES;
				CLANG_WARN_INFINITE_RECURSION = YES;
				CLANG_WARN_INT_CONVERSION = YES;
				CLANG_WARN_NON_LITERAL_NULL_CONVERSION = YES;
				CLANG_WARN_OBJC_IMPLICIT_RETAIN_SELF = YES;
				CLANG_WARN_OBJC_LITERAL_CONVERSION = YES;
				CLANG_WARN_OBJC_ROOT_CLASS = YES_ERROR;
				CLANG_WARN_QUOTED_INCLUDE_IN_FRAMEWORK_HEADER = YES;
				CLANG_WARN_RANGE_LOOP_ANALYSIS = YES;
				CLANG_WARN_STRICT_PROTOTYPES = YES;
				CLANG_WARN_SUSPICIOUS_MOVE = YES;
				CLANG_WARN_UNGUARDED_AVAILABILITY = YES_AGGRESSIVE;
				CLANG_WARN_UNREACHABLE_CODE = YES;
				CLANG_WARN__DUPLICATE_METHOD_MATCH = YES;
				COPY_PHASE_STRIP = NO;
				DEBUG_INFORMATION_FORMAT = dwarf;
				ENABLE_STRICT_OBJC_MSGSEND = YES;
				ENABLE_TESTABILITY = YES;
				ENABLE_USER_SCRIPT_SANDBOXING = YES;
				GCC_C_LANGUAGE_STANDARD = gnu17;
				GCC_DYNAMIC_NO_PIC = NO;
				GCC_NO_COMMON_BLOCKS = YES;
				GCC_OPTIMIZATION_LEVEL = 0;
				GCC_PREPROCESSOR_DEFINITIONS = (
					"DEBUG=1",
					"$(inherited)",
				);
				GCC_WARN_64_TO_32_BIT_CONVERSION = YES;
				GCC_WARN_ABOUT_RETURN_TYPE = YES_ERROR;
				GCC_WARN_UNDECLARED_SELECTOR = YES;
				GCC_WARN_UNINITIALIZED_AUTOS = YES_AGGRESSIVE;
				GCC_WARN_UNUSED_FUNCTION = YES;
				GCC_WARN_UNUSED_VARIABLE = YES;
				IPHONEOS_DEPLOYMENT_TARGET = 17.5;
				LOCALIZATION_PREFERS_STRING_CATALOGS = YES;
				MTL_ENABLE_DEBUG_INFO = INCLUDE_SOURCE;
				MTL_FAST_MATH = YES;
				ONLY_ACTIVE_ARCH = YES;
				SDKROOT = iphoneos;
				SWIFT_ACTIVE_COMPILATION_CONDITIONS = "DEBUG $(inherited)";
				SWIFT_OPTIMIZATION_LEVEL = "-Onone";
			};
			name = Debug;
		};
		C6F6200A2C396CE400F06595 /* Release */ = {
			isa = XCBuildConfiguration;
			buildSettings = {
				ALWAYS_SEARCH_USER_PATHS = NO;
				ASSETCATALOG_COMPILER_GENERATE_SWIFT_ASSET_SYMBOL_EXTENSIONS = YES;
				CLANG_ANALYZER_NONNULL = YES;
				CLANG_ANALYZER_NUMBER_OBJECT_CONVERSION = YES_AGGRESSIVE;
				CLANG_CXX_LANGUAGE_STANDARD = "gnu++20";
				CLANG_ENABLE_MODULES = YES;
				CLANG_ENABLE_OBJC_ARC = YES;
				CLANG_ENABLE_OBJC_WEAK = YES;
				CLANG_WARN_BLOCK_CAPTURE_AUTORELEASING = YES;
				CLANG_WARN_BOOL_CONVERSION = YES;
				CLANG_WARN_COMMA = YES;
				CLANG_WARN_CONSTANT_CONVERSION = YES;
				CLANG_WARN_DEPRECATED_OBJC_IMPLEMENTATIONS = YES;
				CLANG_WARN_DIRECT_OBJC_ISA_USAGE = YES_ERROR;
				CLANG_WARN_DOCUMENTATION_COMMENTS = YES;
				CLANG_WARN_EMPTY_BODY = YES;
				CLANG_WARN_ENUM_CONVERSION = YES;
				CLANG_WARN_INFINITE_RECURSION = YES;
				CLANG_WARN_INT_CONVERSION = YES;
				CLANG_WARN_NON_LITERAL_NULL_CONVERSION = YES;
				CLANG_WARN_OBJC_IMPLICIT_RETAIN_SELF = YES;
				CLANG_WARN_OBJC_LITERAL_CONVERSION = YES;
				CLANG_WARN_OBJC_ROOT_CLASS = YES_ERROR;
				CLANG_WARN_QUOTED_INCLUDE_IN_FRAMEWORK_HEADER = YES;
				CLANG_WARN_RANGE_LOOP_ANALYSIS = YES;
				CLANG_WARN_STRICT_PROTOTYPES = YES;
				CLANG_WARN_SUSPICIOUS_MOVE = YES;
				CLANG_WARN_UNGUARDED_AVAILABILITY = YES_AGGRESSIVE;
				CLANG_WARN_UNREACHABLE_CODE = YES;
				CLANG_WARN__DUPLICATE_METHOD_MATCH = YES;
				COPY_PHASE_STRIP = NO;
				DEBUG_INFORMATION_FORMAT = "dwarf-with-dsym";
				ENABLE_NS_ASSERTIONS = NO;
				ENABLE_STRICT_OBJC_MSGSEND = YES;
				ENABLE_USER_SCRIPT_SANDBOXING = YES;
				GCC_C_LANGUAGE_STANDARD = gnu17;
				GCC_NO_COMMON_BLOCKS = YES;
				GCC_WARN_64_TO_32_BIT_CONVERSION = YES;
				GCC_WARN_ABOUT_RETURN_TYPE = YES_ERROR;
				GCC_WARN_UNDECLARED_SELECTOR = YES;
				GCC_WARN_UNINITIALIZED_AUTOS = YES_AGGRESSIVE;
				GCC_WARN_UNUSED_FUNCTION = YES;
				GCC_WARN_UNUSED_VARIABLE = YES;
				IPHONEOS_DEPLOYMENT_TARGET = 17.5;
				LOCALIZATION_PREFERS_STRING_CATALOGS = YES;
				MTL_ENABLE_DEBUG_INFO = NO;
				MTL_FAST_MATH = YES;
				SDKROOT = iphoneos;
				SWIFT_COMPILATION_MODE = wholemodule;
				VALIDATE_PRODUCT = YES;
			};
			name = Release;
		};
		C6F6200C2C396CE400F06595 /* Debug */ = {
			isa = XCBuildConfiguration;
			buildSettings = {
				ASSETCATALOG_COMPILER_APPICON_NAME = AppIcon;
				ASSETCATALOG_COMPILER_GLOBAL_ACCENT_COLOR_NAME = AccentColor;
				CODE_SIGN_STYLE = Automatic;
				CURRENT_PROJECT_VERSION = 1;
				DEVELOPMENT_TEAM = 4WUMYUXFKC;
				GENERATE_INFOPLIST_FILE = YES;
				INFOPLIST_FILE = SCGCodingTest/Info.plist;
				INFOPLIST_KEY_UIApplicationSupportsIndirectInputEvents = YES;
				INFOPLIST_KEY_UILaunchStoryboardName = LaunchScreen;
				INFOPLIST_KEY_UIMainStoryboardFile = Main;
				INFOPLIST_KEY_UISupportedInterfaceOrientations_iPad = "UIInterfaceOrientationPortrait UIInterfaceOrientationPortraitUpsideDown UIInterfaceOrientationLandscapeLeft UIInterfaceOrientationLandscapeRight";
				INFOPLIST_KEY_UISupportedInterfaceOrientations_iPhone = "UIInterfaceOrientationPortrait UIInterfaceOrientationLandscapeLeft UIInterfaceOrientationLandscapeRight";
				LD_RUNPATH_SEARCH_PATHS = (
					"$(inherited)",
					"@executable_path/Frameworks",
				);
				MARKETING_VERSION = 1.0;
				PRODUCT_BUNDLE_IDENTIFIER = phbrise.SCGCodingTest;
				PRODUCT_NAME = "$(TARGET_NAME)";
				SWIFT_EMIT_LOC_STRINGS = YES;
				SWIFT_VERSION = 5.0;
				TARGETED_DEVICE_FAMILY = "1,2";
			};
			name = Debug;
		};
		C6F6200D2C396CE400F06595 /* Release */ = {
			isa = XCBuildConfiguration;
			buildSettings = {
				ASSETCATALOG_COMPILER_APPICON_NAME = AppIcon;
				ASSETCATALOG_COMPILER_GLOBAL_ACCENT_COLOR_NAME = AccentColor;
				CODE_SIGN_STYLE = Automatic;
				CURRENT_PROJECT_VERSION = 1;
				DEVELOPMENT_TEAM = 4WUMYUXFKC;
				GENERATE_INFOPLIST_FILE = YES;
				INFOPLIST_FILE = SCGCodingTest/Info.plist;
				INFOPLIST_KEY_UIApplicationSupportsIndirectInputEvents = YES;
				INFOPLIST_KEY_UILaunchStoryboardName = LaunchScreen;
				INFOPLIST_KEY_UIMainStoryboardFile = Main;
				INFOPLIST_KEY_UISupportedInterfaceOrientations_iPad = "UIInterfaceOrientationPortrait UIInterfaceOrientationPortraitUpsideDown UIInterfaceOrientationLandscapeLeft UIInterfaceOrientationLandscapeRight";
				INFOPLIST_KEY_UISupportedInterfaceOrientations_iPhone = "UIInterfaceOrientationPortrait UIInterfaceOrientationLandscapeLeft UIInterfaceOrientationLandscapeRight";
				LD_RUNPATH_SEARCH_PATHS = (
					"$(inherited)",
					"@executable_path/Frameworks",
				);
				MARKETING_VERSION = 1.0;
				PRODUCT_BUNDLE_IDENTIFIER = phbrise.SCGCodingTest;
				PRODUCT_NAME = "$(TARGET_NAME)";
				SWIFT_EMIT_LOC_STRINGS = YES;
				SWIFT_VERSION = 5.0;
				TARGETED_DEVICE_FAMILY = "1,2";
			};
			name = Release;
		};
		C6F6200F2C396CE400F06595 /* Debug */ = {
			isa = XCBuildConfiguration;
			buildSettings = {
				ALWAYS_EMBED_SWIFT_STANDARD_LIBRARIES = YES;
				BUNDLE_LOADER = "$(TEST_HOST)";
				CODE_SIGN_STYLE = Automatic;
				CURRENT_PROJECT_VERSION = 1;
				DEVELOPMENT_TEAM = 4WUMYUXFKC;
				GENERATE_INFOPLIST_FILE = YES;
				IPHONEOS_DEPLOYMENT_TARGET = 17.5;
				MARKETING_VERSION = 1.0;
				PRODUCT_BUNDLE_IDENTIFIER = phbrise.SCGCodingTestTests;
				PRODUCT_NAME = "$(TARGET_NAME)";
				SWIFT_EMIT_LOC_STRINGS = NO;
				SWIFT_VERSION = 5.0;
				TARGETED_DEVICE_FAMILY = "1,2";
				TEST_HOST = "$(BUILT_PRODUCTS_DIR)/SCGCodingTest.app/$(BUNDLE_EXECUTABLE_FOLDER_PATH)/SCGCodingTest";
			};
			name = Debug;
		};
		C6F620102C396CE400F06595 /* Release */ = {
			isa = XCBuildConfiguration;
			buildSettings = {
				ALWAYS_EMBED_SWIFT_STANDARD_LIBRARIES = YES;
				BUNDLE_LOADER = "$(TEST_HOST)";
				CODE_SIGN_STYLE = Automatic;
				CURRENT_PROJECT_VERSION = 1;
				DEVELOPMENT_TEAM = 4WUMYUXFKC;
				GENERATE_INFOPLIST_FILE = YES;
				IPHONEOS_DEPLOYMENT_TARGET = 17.5;
				MARKETING_VERSION = 1.0;
				PRODUCT_BUNDLE_IDENTIFIER = phbrise.SCGCodingTestTests;
				PRODUCT_NAME = "$(TARGET_NAME)";
				SWIFT_EMIT_LOC_STRINGS = NO;
				SWIFT_VERSION = 5.0;
				TARGETED_DEVICE_FAMILY = "1,2";
				TEST_HOST = "$(BUILT_PRODUCTS_DIR)/SCGCodingTest.app/$(BUNDLE_EXECUTABLE_FOLDER_PATH)/SCGCodingTest";
			};
			name = Release;
		};
		C6F620122C396CE400F06595 /* Debug */ = {
			isa = XCBuildConfiguration;
			buildSettings = {
				ALWAYS_EMBED_SWIFT_STANDARD_LIBRARIES = YES;
				CODE_SIGN_STYLE = Automatic;
				CURRENT_PROJECT_VERSION = 1;
				DEVELOPMENT_TEAM = 4WUMYUXFKC;
				GENERATE_INFOPLIST_FILE = YES;
				MARKETING_VERSION = 1.0;
				PRODUCT_BUNDLE_IDENTIFIER = phbrise.SCGCodingTestUITests;
				PRODUCT_NAME = "$(TARGET_NAME)";
				SWIFT_EMIT_LOC_STRINGS = NO;
				SWIFT_VERSION = 5.0;
				TARGETED_DEVICE_FAMILY = "1,2";
				TEST_TARGET_NAME = SCGCodingTest;
			};
			name = Debug;
		};
		C6F620132C396CE400F06595 /* Release */ = {
			isa = XCBuildConfiguration;
			buildSettings = {
				ALWAYS_EMBED_SWIFT_STANDARD_LIBRARIES = YES;
				CODE_SIGN_STYLE = Automatic;
				CURRENT_PROJECT_VERSION = 1;
				DEVELOPMENT_TEAM = 4WUMYUXFKC;
				GENERATE_INFOPLIST_FILE = YES;
				MARKETING_VERSION = 1.0;
				PRODUCT_BUNDLE_IDENTIFIER = phbrise.SCGCodingTestUITests;
				PRODUCT_NAME = "$(TARGET_NAME)";
				SWIFT_EMIT_LOC_STRINGS = NO;
				SWIFT_VERSION = 5.0;
				TARGETED_DEVICE_FAMILY = "1,2";
				TEST_TARGET_NAME = SCGCodingTest;
			};
			name = Release;
		};
/* End XCBuildConfiguration section */

/* Begin XCConfigurationList section */
		C6F61FDC2C396CE200F06595 /* Build configuration list for PBXProject "SCGCodingTest" */ = {
			isa = XCConfigurationList;
			buildConfigurations = (
				C6F620092C396CE400F06595 /* Debug */,
				C6F6200A2C396CE400F06595 /* Release */,
			);
			defaultConfigurationIsVisible = 0;
			defaultConfigurationName = Release;
		};
		C6F6200B2C396CE400F06595 /* Build configuration list for PBXNativeTarget "SCGCodingTest" */ = {
			isa = XCConfigurationList;
			buildConfigurations = (
				C6F6200C2C396CE400F06595 /* Debug */,
				C6F6200D2C396CE400F06595 /* Release */,
			);
			defaultConfigurationIsVisible = 0;
			defaultConfigurationName = Release;
		};
		C6F6200E2C396CE400F06595 /* Build configuration list for PBXNativeTarget "SCGCodingTestTests" */ = {
			isa = XCConfigurationList;
			buildConfigurations = (
				C6F6200F2C396CE400F06595 /* Debug */,
				C6F620102C396CE400F06595 /* Release */,
			);
			defaultConfigurationIsVisible = 0;
			defaultConfigurationName = Release;
		};
		C6F620112C396CE400F06595 /* Build configuration list for PBXNativeTarget "SCGCodingTestUITests" */ = {
			isa = XCConfigurationList;
			buildConfigurations = (
				C6F620122C396CE400F06595 /* Debug */,
				C6F620132C396CE400F06595 /* Release */,
			);
			defaultConfigurationIsVisible = 0;
			defaultConfigurationName = Release;
		};
/* End XCConfigurationList section */

/* Begin XCRemoteSwiftPackageReference section */
		C65FD0792C40C5C6004675A2 /* XCRemoteSwiftPackageReference "SDWebImage" */ = {
			isa = XCRemoteSwiftPackageReference;
			repositoryURL = "https://github.com/SDWebImage/SDWebImage.git";
			requirement = {
				kind = upToNextMajorVersion;
				minimumVersion = 5.19.4;
			};
		};
		C6F620152C396FA100F06595 /* XCRemoteSwiftPackageReference "Alamofire" */ = {
			isa = XCRemoteSwiftPackageReference;
			repositoryURL = "https://github.com/Alamofire/Alamofire.git";
			requirement = {
				kind = upToNextMajorVersion;
				minimumVersion = 5.9.1;
			};
		};
/* End XCRemoteSwiftPackageReference section */

/* Begin XCSwiftPackageProductDependency section */
		C65FD07A2C40C635004675A2 /* SDWebImage */ = {
			isa = XCSwiftPackageProductDependency;
			package = C65FD0792C40C5C6004675A2 /* XCRemoteSwiftPackageReference "SDWebImage" */;
			productName = SDWebImage;
		};
		C6F620192C39883F00F06595 /* Alamofire */ = {
			isa = XCSwiftPackageProductDependency;
			package = C6F620152C396FA100F06595 /* XCRemoteSwiftPackageReference "Alamofire" */;
			productName = Alamofire;
		};
/* End XCSwiftPackageProductDependency section */
	};
	rootObject = C6F61FD92C396CE200F06595 /* Project object */;
}
